
Microsoft Visual Studio Solution File, Format Version 12.00
# Visual Studio Version 16
VisualStudioVersion = 16.0.29613.14
MinimumVisualStudioVersion = 10.0.40219.1
Project("{9A19103F-16F7-4668-BE54-9A1E7A4F7556}") = "MyConsoleApp", "MyConsoleApp\MyConsoleApp.csproj", "{ED00A7A5-89DF-4FB2-8AD4-E5E8886ACA57}"
EndProject
Project("{9A19103F-16F7-4668-BE54-9A1E7A4F7556}") = "MyConsoleApp.Tests", "MyConsoleApp.Tests\MyConsoleApp.Tests.csproj", "{DE558ADE-BE80-444E-8949-4CC5F659A6C2}"
EndProject
Global
	GlobalSection(SolutionConfigurationPlatforms) = preSolution
		Debug|Any CPU = Debug|Any CPU
		Release|Any CPU = Release|Any CPU
	EndGlobalSection
	GlobalSection(ProjectConfigurationPlatforms) = postSolution
		{ED00A7A5-89DF-4FB2-8AD4-E5E8886ACA57}.Debug|Any CPU.ActiveCfg = Debug|Any CPU
		{ED00A7A5-89DF-4FB2-8AD4-E5E8886ACA57}.Debug|Any CPU.Build.0 = Debug|Any CPU
		{ED00A7A5-89DF-4FB2-8AD4-E5E8886ACA57}.Release|Any CPU.ActiveCfg = Release|Any CPU
		{ED00A7A5-89DF-4FB2-8AD4-E5E8886ACA57}.Release|Any CPU.Build.0 = Release|Any CPU
		{DE558ADE-BE80-444E-8949-4CC5F659A6C2}.Debug|Any CPU.ActiveCfg = Debug|Any CPU
		{DE558ADE-BE80-444E-8949-4CC5F659A6C2}.Debug|Any CPU.Build.0 = Debug|Any CPU
		{DE558ADE-BE80-444E-8949-4CC5F659A6C2}.Release|Any CPU.ActiveCfg = Release|Any CPU
		{DE558ADE-BE80-444E-8949-4CC5F659A6C2}.Release|Any CPU.Build.0 = Release|Any CPU
	EndGlobalSection
	GlobalSection(SolutionProperties) = preSolution
		HideSolutionNode = FALSE
	EndGlobalSection
	GlobalSection(ExtensibilityGlobals) = postSolution
		SolutionGuid = {17A045AB-1170-492A-BC64-341798C41530}
	EndGlobalSection
EndGlobal
